
Microsoft Visual Studio Solution File, Format Version 12.00
# Visual Studio 15
VisualStudioVersion = 15.0.28307.779
MinimumVisualStudioVersion = 10.0.40219.1
Project("{E24C65DC-7377-472B-9ABA-BC803B73C61A}") = "DentalPicadoWS", "DentalPicadoWS\", "{670D4D21-2138-440C-8967-EBA66727006F}"
	ProjectSection(WebsiteProperties) = preProject
		TargetFrameworkMoniker = ".NETFramework,Version%3Dv4.6.1"
		Debug.AspNetCompiler.VirtualPath = "/localhost_49919"
		Debug.AspNetCompiler.PhysicalPath = "DentalPicadoWS\"
		Debug.AspNetCompiler.TargetPath = "PrecompiledWeb\localhost_49919\"
		Debug.AspNetCompiler.Updateable = "true"
		Debug.AspNetCompiler.ForceOverwrite = "true"
		Debug.AspNetCompiler.FixedNames = "false"
		Debug.AspNetCompiler.Debug = "True"
		Release.AspNetCompiler.VirtualPath = "/localhost_49919"
		Release.AspNetCompiler.PhysicalPath = "DentalPicadoWS\"
		Release.AspNetCompiler.TargetPath = "PrecompiledWeb\localhost_49919\"
		Release.AspNetCompiler.Updateable = "true"
		Release.AspNetCompiler.ForceOverwrite = "true"
		Release.AspNetCompiler.FixedNames = "false"
		Release.AspNetCompiler.Debug = "False"
		VWDPort = "49919"
		SlnRelativePath = "DentalPicadoWS\"
		DefaultWebSiteLanguage = "Visual C#"
	EndProjectSection
EndProject
Global
	GlobalSection(SolutionConfigurationPlatforms) = preSolution
		Debug|Any CPU = Debug|Any CPU
	EndGlobalSection
	GlobalSection(ProjectConfigurationPlatforms) = postSolution
		{670D4D21-2138-440C-8967-EBA66727006F}.Debug|Any CPU.ActiveCfg = Debug|Any CPU
		{670D4D21-2138-440C-8967-EBA66727006F}.Debug|Any CPU.Build.0 = Debug|Any CPU
	EndGlobalSection
	GlobalSection(SolutionProperties) = preSolution
		HideSolutionNode = FALSE
	EndGlobalSection
	GlobalSection(ExtensibilityGlobals) = postSolution
		SolutionGuid = {6F71C593-3E6F-419B-BF2F-6EF2DEC53F50}
	EndGlobalSection
EndGlobal
