
Microsoft Visual Studio Solution File, Format Version 12.00
# Visual Studio 15
VisualStudioVersion = 15.0.28307.779
MinimumVisualStudioVersion = 10.0.40219.1
Project("{FAE04EC0-301F-11D3-BF4B-00C04F79EFBC}") = "PicadoDentalWS", "PicadoDentalWS\PicadoDentalWS.csproj", "{B2346B5A-3656-49A6-A06A-BA691D114BE3}"
EndProject
Global
	GlobalSection(SolutionConfigurationPlatforms) = preSolution
		Debug|Any CPU = Debug|Any CPU
		Release|Any CPU = Release|Any CPU
	EndGlobalSection
	GlobalSection(ProjectConfigurationPlatforms) = postSolution
		{B2346B5A-3656-49A6-A06A-BA691D114BE3}.Debug|Any CPU.ActiveCfg = Debug|Any CPU
		{B2346B5A-3656-49A6-A06A-BA691D114BE3}.Debug|Any CPU.Build.0 = Debug|Any CPU
		{B2346B5A-3656-49A6-A06A-BA691D114BE3}.Release|Any CPU.ActiveCfg = Release|Any CPU
		{B2346B5A-3656-49A6-A06A-BA691D114BE3}.Release|Any CPU.Build.0 = Release|Any CPU
	EndGlobalSection
	GlobalSection(SolutionProperties) = preSolution
		HideSolutionNode = FALSE
	EndGlobalSection
	GlobalSection(ExtensibilityGlobals) = postSolution
		SolutionGuid = {6707CE9A-DC94-4873-A00D-46F63C6E4B5A}
	EndGlobalSection
EndGlobal
